
Microsoft Visual Studio Solution File, Format Version 12.00
# Visual Studio Version 16
VisualStudioVersion = 16.0.31613.86
MinimumVisualStudioVersion = 10.0.40219.1
Project("{FAE04EC0-301F-11D3-BF4B-00C04F79EFBC}") = "ExpSoapSer", "ExpSoapSer\ExpSoapSer.csproj", "{829928C3-004A-4214-9CF8-CDB4444CBB3F}"
EndProject
Global
	GlobalSection(SolutionConfigurationPlatforms) = preSolution
		Debug|Any CPU = Debug|Any CPU
		Release|Any CPU = Release|Any CPU
	EndGlobalSection
	GlobalSection(ProjectConfigurationPlatforms) = postSolution
		{829928C3-004A-4214-9CF8-CDB4444CBB3F}.Debug|Any CPU.ActiveCfg = Debug|Any CPU
		{829928C3-004A-4214-9CF8-CDB4444CBB3F}.Debug|Any CPU.Build.0 = Debug|Any CPU
		{829928C3-004A-4214-9CF8-CDB4444CBB3F}.Release|Any CPU.ActiveCfg = Release|Any CPU
		{829928C3-004A-4214-9CF8-CDB4444CBB3F}.Release|Any CPU.Build.0 = Release|Any CPU
	EndGlobalSection
	GlobalSection(SolutionProperties) = preSolution
		HideSolutionNode = FALSE
	EndGlobalSection
	GlobalSection(ExtensibilityGlobals) = postSolution
		SolutionGuid = {5F543F37-13C4-48D4-9FA4-E4541D6CF8C0}
	EndGlobalSection
EndGlobal
